// !$*UTF8*$!
{
	archiveVersion = 1;
	classes = {
	};
	objectVersion = 50;
	objects = {

/* Begin PBXBuildFile section */
		C1D7D15A2758E50E00EA4262 /* LinkedListApp.swift in Sources */ = {isa = PBXBuildFile; fileRef = C1D7D1592758E50E00EA4262 /* LinkedListApp.swift */; };
		C1D7D15C2758E50E00EA4262 /* ContentView.swift in Sources */ = {isa = PBXBuildFile; fileRef = C1D7D15B2758E50E00EA4262 /* ContentView.swift */; };
		C1D7D15E2758E51100EA4262 /* Assets.xcassets in Resources */ = {isa = PBXBuildFile; fileRef = C1D7D15D2758E51100EA4262 /* Assets.xcassets */; };
		C1D7D1612758E51100EA4262 /* Preview Assets.xcassets in Resources */ = {isa = PBXBuildFile; fileRef = C1D7D1602758E51100EA4262 /* Preview Assets.xcassets */; };
		C1D7D16C2758E51100EA4262 /* LinkedListTests.swift in Sources */ = {isa = PBXBuildFile; fileRef = C1D7D16B2758E51100EA4262 /* LinkedListTests.swift */; };
		C1D7D1772758E51100EA4262 /* LinkedListUITests.swift in Sources */ = {isa = PBXBuildFile; fileRef = C1D7D1762758E51100EA4262 /* LinkedListUITests.swift */; };
/* End PBXBuildFile section */

/* Begin PBXContainerItemProxy section */
		C1D7D1682758E51100EA4262 /* PBXContainerItemProxy */ = {
			isa = PBXContainerItemProxy;
			containerPortal = C1D7D14E2758E50D00EA4262 /* Project object */;
			proxyType = 1;
			remoteGlobalIDString = C1D7D1552758E50D00EA4262;
			remoteInfo = LinkedList;
		};
		C1D7D1732758E51100EA4262 /* PBXContainerItemProxy */ = {
			isa = PBXContainerItemProxy;
			containerPortal = C1D7D14E2758E50D00EA4262 /* Project object */;
			proxyType = 1;
			remoteGlobalIDString = C1D7D1552758E50D00EA4262;
			remoteInfo = LinkedList;
		};
/* End PBXContainerItemProxy section */

/* Begin PBXFileReference section */
		C1D7D1562758E50E00EA4262 /* LinkedList.app */ = {isa = PBXFileReference; explicitFileType = wrapper.application; includeInIndex = 0; path = LinkedList.app; sourceTree = BUILT_PRODUCTS_DIR; };
		C1D7D1592758E50E00EA4262 /* LinkedListApp.swift */ = {isa = PBXFileReference; lastKnownFileType = sourcecode.swift; path = LinkedListApp.swift; sourceTree = "<group>"; };
		C1D7D15B2758E50E00EA4262 /* ContentView.swift */ = {isa = PBXFileReference; lastKnownFileType = sourcecode.swift; path = ContentView.swift; sourceTree = "<group>"; };
		C1D7D15D2758E51100EA4262 /* Assets.xcassets */ = {isa = PBXFileReference; lastKnownFileType = folder.assetcatalog; path = Assets.xcassets; sourceTree = "<group>"; };
		C1D7D1602758E51100EA4262 /* Preview Assets.xcassets */ = {isa = PBXFileReference; lastKnownFileType = folder.assetcatalog; path = "Preview Assets.xcassets"; sourceTree = "<group>"; };
		C1D7D1622758E51100EA4262 /* Info.plist */ = {isa = PBXFileReference; lastKnownFileType = text.plist.xml; path = Info.plist; sourceTree = "<group>"; };
		C1D7D1672758E51100EA4262 /* LinkedListTests.xctest */ = {isa = PBXFileReference; explicitFileType = wrapper.cfbundle; includeInIndex = 0; path = LinkedListTests.xctest; sourceTree = BUILT_PRODUCTS_DIR; };
		C1D7D16B2758E51100EA4262 /* LinkedListTests.swift */ = {isa = PBXFileReference; lastKnownFileType = sourcecode.swift; path = LinkedListTests.swift; sourceTree = "<group>"; };
		C1D7D16D2758E51100EA4262 /* Info.plist */ = {isa = PBXFileReference; lastKnownFileType = text.plist.xml; path = Info.plist; sourceTree = "<group>"; };
		C1D7D1722758E51100EA4262 /* LinkedListUITests.xctest */ = {isa = PBXFileReference; explicitFileType = wrapper.cfbundle; includeInIndex = 0; path = LinkedListUITests.xctest; sourceTree = BUILT_PRODUCTS_DIR; };
		C1D7D1762758E51100EA4262 /* LinkedListUITests.swift */ = {isa = PBXFileReference; lastKnownFileType = sourcecode.swift; path = LinkedListUITests.swift; sourceTree = "<group>"; };
		C1D7D1782758E51100EA4262 /* Info.plist */ = {isa = PBXFileReference; lastKnownFileType = text.plist.xml; path = Info.plist; sourceTree = "<group>"; };
/* End PBXFileReference section */

/* Begin PBXFrameworksBuildPhase section */
		C1D7D1532758E50D00EA4262 /* Frameworks */ = {
			isa = PBXFrameworksBuildPhase;
			buildActionMask = 2147483647;
			files = (
			);
			runOnlyForDeploymentPostprocessing = 0;
		};
		C1D7D1642758E51100EA4262 /* Frameworks */ = {
			isa = PBXFrameworksBuildPhase;
			buildActionMask = 2147483647;
			files = (
			);
			runOnlyForDeploymentPostprocessing = 0;
		};
		C1D7D16F2758E51100EA4262 /* Frameworks */ = {
			isa = PBXFrameworksBuildPhase;
			buildActionMask = 2147483647;
			files = (
			);
			runOnlyForDeploymentPostprocessing = 0;
		};
/* End PBXFrameworksBuildPhase section */

/* Begin PBXGroup section */
		C1D7D14D2758E50D00EA4262 = {
			isa = PBXGroup;
			children = (
				C1D7D1582758E50E00EA4262 /* LinkedList */,
				C1D7D16A2758E51100EA4262 /* LinkedListTests */,
				C1D7D1752758E51100EA4262 /* LinkedListUITests */,
				C1D7D1572758E50E00EA4262 /* Products */,
			);
			sourceTree = "<group>";
		};
		C1D7D1572758E50E00EA4262 /* Products */ = {
			isa = PBXGroup;
			children = (
				C1D7D1562758E50E00EA4262 /* LinkedList.app */,
				C1D7D1672758E51100EA4262 /* LinkedListTests.xctest */,
				C1D7D1722758E51100EA4262 /* LinkedListUITests.xctest */,
			);
			name = Products;
			sourceTree = "<group>";
		};
		C1D7D1582758E50E00EA4262 /* LinkedList */ = {
			isa = PBXGroup;
			children = (
				C1D7D1592758E50E00EA4262 /* LinkedListApp.swift */,
				C1D7D15B2758E50E00EA4262 /* ContentView.swift */,
				C1D7D15D2758E51100EA4262 /* Assets.xcassets */,
				C1D7D1622758E51100EA4262 /* Info.plist */,
				C1D7D15F2758E51100EA4262 /* Preview Content */,
			);
			path = LinkedList;
			sourceTree = "<group>";
		};
		C1D7D15F2758E51100EA4262 /* Preview Content */ = {
			isa = PBXGroup;
			children = (
				C1D7D1602758E51100EA4262 /* Preview Assets.xcassets */,
			);
			path = "Preview Content";
			sourceTree = "<group>";
		};
		C1D7D16A2758E51100EA4262 /* LinkedListTests */ = {
			isa = PBXGroup;
			children = (
				C1D7D16B2758E51100EA4262 /* LinkedListTests.swift */,
				C1D7D16D2758E51100EA4262 /* Info.plist */,
			);
			path = LinkedListTests;
			sourceTree = "<group>";
		};
		C1D7D1752758E51100EA4262 /* LinkedListUITests */ = {
			isa = PBXGroup;
			children = (
				C1D7D1762758E51100EA4262 /* LinkedListUITests.swift */,
				C1D7D1782758E51100EA4262 /* Info.plist */,
			);
			path = LinkedListUITests;
			sourceTree = "<group>";
		};
/* End PBXGroup section */

/* Begin PBXNativeTarget section */
		C1D7D1552758E50D00EA4262 /* LinkedList */ = {
			isa = PBXNativeTarget;
			buildConfigurationList = C1D7D17B2758E51100EA4262 /* Build configuration list for PBXNativeTarget "LinkedList" */;
			buildPhases = (
				C1D7D1522758E50D00EA4262 /* Sources */,
				C1D7D1532758E50D00EA4262 /* Frameworks */,
				C1D7D1542758E50D00EA4262 /* Resources */,
			);
			buildRules = (
			);
			dependencies = (
			);
			name = LinkedList;
			productName = LinkedList;
			productReference = C1D7D1562758E50E00EA4262 /* LinkedList.app */;
			productType = "com.apple.product-type.application";
		};
		C1D7D1662758E51100EA4262 /* LinkedListTests */ = {
			isa = PBXNativeTarget;
			buildConfigurationList = C1D7D17E2758E51100EA4262 /* Build configuration list for PBXNativeTarget "LinkedListTests" */;
			buildPhases = (
				C1D7D1632758E51100EA4262 /* Sources */,
				C1D7D1642758E51100EA4262 /* Frameworks */,
				C1D7D1652758E51100EA4262 /* Resources */,
			);
			buildRules = (
			);
			dependencies = (
				C1D7D1692758E51100EA4262 /* PBXTargetDependency */,
			);
			name = LinkedListTests;
			productName = LinkedListTests;
			productReference = C1D7D1672758E51100EA4262 /* LinkedListTests.xctest */;
			productType = "com.apple.product-type.bundle.unit-test";
		};
		C1D7D1712758E51100EA4262 /* LinkedListUITests */ = {
			isa = PBXNativeTarget;
			buildConfigurationList = C1D7D1812758E51100EA4262 /* Build configuration list for PBXNativeTarget "LinkedListUITests" */;
			buildPhases = (
				C1D7D16E2758E51100EA4262 /* Sources */,
				C1D7D16F2758E51100EA4262 /* Frameworks */,
				C1D7D1702758E51100EA4262 /* Resources */,
			);
			buildRules = (
			);
			dependencies = (
				C1D7D1742758E51100EA4262 /* PBXTargetDependency */,
			);
			name = LinkedListUITests;
			productName = LinkedListUITests;
			productReference = C1D7D1722758E51100EA4262 /* LinkedListUITests.xctest */;
			productType = "com.apple.product-type.bundle.ui-testing";
		};
/* End PBXNativeTarget section */

/* Begin PBXProject section */
		C1D7D14E2758E50D00EA4262 /* Project object */ = {
			isa = PBXProject;
			attributes = {
				LastSwiftUpdateCheck = 1240;
				LastUpgradeCheck = 1240;
				TargetAttributes = {
					C1D7D1552758E50D00EA4262 = {
						CreatedOnToolsVersion = 12.4;
					};
					C1D7D1662758E51100EA4262 = {
						CreatedOnToolsVersion = 12.4;
						TestTargetID = C1D7D1552758E50D00EA4262;
					};
					C1D7D1712758E51100EA4262 = {
						CreatedOnToolsVersion = 12.4;
						TestTargetID = C1D7D1552758E50D00EA4262;
					};
				};
			};
			buildConfigurationList = C1D7D1512758E50D00EA4262 /* Build configuration list for PBXProject "LinkedList" */;
			compatibilityVersion = "Xcode 9.3";
			developmentRegion = en;
			hasScannedForEncodings = 0;
			knownRegions = (
				en,
				Base,
			);
			mainGroup = C1D7D14D2758E50D00EA4262;
			productRefGroup = C1D7D1572758E50E00EA4262 /* Products */;
			projectDirPath = "";
			projectRoot = "";
			targets = (
				C1D7D1552758E50D00EA4262 /* LinkedList */,
				C1D7D1662758E51100EA4262 /* LinkedListTests */,
				C1D7D1712758E51100EA4262 /* LinkedListUITests */,
			);
		};
/* End PBXProject section */

/* Begin PBXResourcesBuildPhase section */
		C1D7D1542758E50D00EA4262 /* Resources */ = {
			isa = PBXResourcesBuildPhase;
			buildActionMask = 2147483647;
			files = (
				C1D7D1612758E51100EA4262 /* Preview Assets.xcassets in Resources */,
				C1D7D15E2758E51100EA4262 /* Assets.xcassets in Resources */,
			);
			runOnlyForDeploymentPostprocessing = 0;
		};
		C1D7D1652758E51100EA4262 /* Resources */ = {
			isa = PBXResourcesBuildPhase;
			buildActionMask = 2147483647;
			files = (
			);
			runOnlyForDeploymentPostprocessing = 0;
		};
		C1D7D1702758E51100EA4262 /* Resources */ = {
			isa = PBXResourcesBuildPhase;
			buildActionMask = 2147483647;
			files = (
			);
			runOnlyForDeploymentPostprocessing = 0;
		};
/* End PBXResourcesBuildPhase section */

/* Begin PBXSourcesBuildPhase section */
		C1D7D1522758E50D00EA4262 /* Sources */ = {
			isa = PBXSourcesBuildPhase;
			buildActionMask = 2147483647;
			files = (
				C1D7D15C2758E50E00EA4262 /* ContentView.swift in Sources */,
				C1D7D15A2758E50E00EA4262 /* LinkedListApp.swift in Sources */,
			);
			runOnlyForDeploymentPostprocessing = 0;
		};
		C1D7D1632758E51100EA4262 /* Sources */ = {
			isa = PBXSourcesBuildPhase;
			buildActionMask = 2147483647;
			files = (
				C1D7D16C2758E51100EA4262 /* LinkedListTests.swift in Sources */,
			);
			runOnlyForDeploymentPostprocessing = 0;
		};
		C1D7D16E2758E51100EA4262 /* Sources */ = {
			isa = PBXSourcesBuildPhase;
			buildActionMask = 2147483647;
			files = (
				C1D7D1772758E51100EA4262 /* LinkedListUITests.swift in Sources */,
			);
			runOnlyForDeploymentPostprocessing = 0;
		};
/* End PBXSourcesBuildPhase section */

/* Begin PBXTargetDependency section */
		C1D7D1692758E51100EA4262 /* PBXTargetDependency */ = {
			isa = PBXTargetDependency;
			target = C1D7D1552758E50D00EA4262 /* LinkedList */;
			targetProxy = C1D7D1682758E51100EA4262 /* PBXContainerItemProxy */;
		};
		C1D7D1742758E51100EA4262 /* PBXTargetDependency */ = {
			isa = PBXTargetDependency;
			target = C1D7D1552758E50D00EA4262 /* LinkedList */;
			targetProxy = C1D7D1732758E51100EA4262 /* PBXContainerItemProxy */;
		};
/* End PBXTargetDependency section */

/* Begin XCBuildConfiguration section */
		C1D7D1792758E51100EA4262 /* Debug */ = {
			isa = XCBuildConfiguration;
			buildSettings = {
				ALWAYS_SEARCH_USER_PATHS = NO;
				CLANG_ANALYZER_NONNULL = YES;
				CLANG_ANALYZER_NUMBER_OBJECT_CONVERSION = YES_AGGRESSIVE;
				CLANG_CXX_LANGUAGE_STANDARD = "gnu++14";
				CLANG_CXX_LIBRARY = "libc++";
				CLANG_ENABLE_MODULES = YES;
				CLANG_ENABLE_OBJC_ARC = YES;
				CLANG_ENABLE_OBJC_WEAK = YES;
				CLANG_WARN_BLOCK_CAPTURE_AUTORELEASING = YES;
				CLANG_WARN_BOOL_CONVERSION = YES;
				CLANG_WARN_COMMA = YES;
				CLANG_WARN_CONSTANT_CONVERSION = YES;
				CLANG_WARN_DEPRECATED_OBJC_IMPLEMENTATIONS = YES;
				CLANG_WARN_DIRECT_OBJC_ISA_USAGE = YES_ERROR;
				CLANG_WARN_DOCUMENTATION_COMMENTS = YES;
				CLANG_WARN_EMPTY_BODY = YES;
				CLANG_WARN_ENUM_CONVERSION = YES;
				CLANG_WARN_INFINITE_RECURSION = YES;
				CLANG_WARN_INT_CONVERSION = YES;
				CLANG_WARN_NON_LITERAL_NULL_CONVERSION = YES;
				CLANG_WARN_OBJC_IMPLICIT_RETAIN_SELF = YES;
				CLANG_WARN_OBJC_LITERAL_CONVERSION = YES;
				CLANG_WARN_OBJC_ROOT_CLASS = YES_ERROR;
				CLANG_WARN_QUOTED_INCLUDE_IN_FRAMEWORK_HEADER = YES;
				CLANG_WARN_RANGE_LOOP_ANALYSIS = YES;
				CLANG_WARN_STRICT_PROTOTYPES = YES;
				CLANG_WARN_SUSPICIOUS_MOVE = YES;
				CLANG_WARN_UNGUARDED_AVAILABILITY = YES_AGGRESSIVE;
				CLANG_WARN_UNREACHABLE_CODE = YES;
				CLANG_WARN__DUPLICATE_METHOD_MATCH = YES;
				COPY_PHASE_STRIP = NO;
				DEBUG_INFORMATION_FORMAT = dwarf;
				ENABLE_STRICT_OBJC_MSGSEND = YES;
				ENABLE_TESTABILITY = YES;
				GCC_C_LANGUAGE_STANDARD = gnu11;
				GCC_DYNAMIC_NO_PIC = NO;
				GCC_NO_COMMON_BLOCKS = YES;
				GCC_OPTIMIZATION_LEVEL = 0;
				GCC_PREPROCESSOR_DEFINITIONS = (
					"DEBUG=1",
					"$(inherited)",
				);
				GCC_WARN_64_TO_32_BIT_CONVERSION = YES;
				GCC_WARN_ABOUT_RETURN_TYPE = YES_ERROR;
				GCC_WARN_UNDECLARED_SELECTOR = YES;
				GCC_WARN_UNINITIALIZED_AUTOS = YES_AGGRESSIVE;
				GCC_WARN_UNUSED_FUNCTION = YES;
				GCC_WARN_UNUSED_VARIABLE = YES;
				IPHONEOS_DEPLOYMENT_TARGET = 14.4;
				MTL_ENABLE_DEBUG_INFO = INCLUDE_SOURCE;
				MTL_FAST_MATH = YES;
				ONLY_ACTIVE_ARCH = YES;
				SDKROOT = iphoneos;
				SWIFT_ACTIVE_COMPILATION_CONDITIONS = DEBUG;
				SWIFT_OPTIMIZATION_LEVEL = "-Onone";
			};
			name = Debug;
		};
		C1D7D17A2758E51100EA4262 /* Release */ = {
			isa = XCBuildConfiguration;
			buildSettings = {
				ALWAYS_SEARCH_USER_PATHS = NO;
				CLANG_ANALYZER_NONNULL = YES;
				CLANG_ANALYZER_NUMBER_OBJECT_CONVERSION = YES_AGGRESSIVE;
				CLANG_CXX_LANGUAGE_STANDARD = "gnu++14";
				CLANG_CXX_LIBRARY = "libc++";
				CLANG_ENABLE_MODULES = YES;
				CLANG_ENABLE_OBJC_ARC = YES;
				CLANG_ENABLE_OBJC_WEAK = YES;
				CLANG_WARN_BLOCK_CAPTURE_AUTORELEASING = YES;
				CLANG_WARN_BOOL_CONVERSION = YES;
				CLANG_WARN_COMMA = YES;
				CLANG_WARN_CONSTANT_CONVERSION = YES;
				CLANG_WARN_DEPRECATED_OBJC_IMPLEMENTATIONS = YES;
				CLANG_WARN_DIRECT_OBJC_ISA_USAGE = YES_ERROR;
				CLANG_WARN_DOCUMENTATION_COMMENTS = YES;
				CLANG_WARN_EMPTY_BODY = YES;
				CLANG_WARN_ENUM_CONVERSION = YES;
				CLANG_WARN_INFINITE_RECURSION = YES;
				CLANG_WARN_INT_CONVERSION = YES;
				CLANG_WARN_NON_LITERAL_NULL_CONVERSION = YES;
				CLANG_WARN_OBJC_IMPLICIT_RETAIN_SELF = YES;
				CLANG_WARN_OBJC_LITERAL_CONVERSION = YES;
				CLANG_WARN_OBJC_ROOT_CLASS = YES_ERROR;
				CLANG_WARN_QUOTED_INCLUDE_IN_FRAMEWORK_HEADER = YES;
				CLANG_WARN_RANGE_LOOP_ANALYSIS = YES;
				CLANG_WARN_STRICT_PROTOTYPES = YES;
				CLANG_WARN_SUSPICIOUS_MOVE = YES;
				CLANG_WARN_UNGUARDED_AVAILABILITY = YES_AGGRESSIVE;
				CLANG_WARN_UNREACHABLE_CODE = YES;
				CLANG_WARN__DUPLICATE_METHOD_MATCH = YES;
				COPY_PHASE_STRIP = NO;
				DEBUG_INFORMATION_FORMAT = "dwarf-with-dsym";
				ENABLE_NS_ASSERTIONS = NO;
				ENABLE_STRICT_OBJC_MSGSEND = YES;
				GCC_C_LANGUAGE_STANDARD = gnu11;
				GCC_NO_COMMON_BLOCKS = YES;
				GCC_WARN_64_TO_32_BIT_CONVERSION = YES;
				GCC_WARN_ABOUT_RETURN_TYPE = YES_ERROR;
				GCC_WARN_UNDECLARED_SELECTOR = YES;
				GCC_WARN_UNINITIALIZED_AUTOS = YES_AGGRESSIVE;
				GCC_WARN_UNUSED_FUNCTION = YES;
				GCC_WARN_UNUSED_VARIABLE = YES;
				IPHONEOS_DEPLOYMENT_TARGET = 14.4;
				MTL_ENABLE_DEBUG_INFO = NO;
				MTL_FAST_MATH = YES;
				SDKROOT = iphoneos;
				SWIFT_COMPILATION_MODE = wholemodule;
				SWIFT_OPTIMIZATION_LEVEL = "-O";
				VALIDATE_PRODUCT = YES;
			};
			name = Release;
		};
		C1D7D17C2758E51100EA4262 /* Debug */ = {
			isa = XCBuildConfiguration;
			buildSettings = {
				ASSETCATALOG_COMPILER_APPICON_NAME = AppIcon;
				ASSETCATALOG_COMPILER_GLOBAL_ACCENT_COLOR_NAME = AccentColor;
				CODE_SIGN_STYLE = Automatic;
				DEVELOPMENT_ASSET_PATHS = "\"LinkedList/Preview Content\"";
				ENABLE_PREVIEWS = YES;
				INFOPLIST_FILE = LinkedList/Info.plist;
				IPHONEOS_DEPLOYMENT_TARGET = 14.0;
				LD_RUNPATH_SEARCH_PATHS = (
					"$(inherited)",
					"@executable_path/Frameworks",
				);
				PRODUCT_BUNDLE_IDENTIFIER = com.test.LinkedList;
				PRODUCT_NAME = "$(TARGET_NAME)";
				SWIFT_VERSION = 5.0;
				TARGETED_DEVICE_FAMILY = "1,2";
			};
			name = Debug;
		};
		C1D7D17D2758E51100EA4262 /* Release */ = {
			isa = XCBuildConfiguration;
			buildSettings = {
				ASSETCATALOG_COMPILER_APPICON_NAME = AppIcon;
				ASSETCATALOG_COMPILER_GLOBAL_ACCENT_COLOR_NAME = AccentColor;
				CODE_SIGN_STYLE = Automatic;
				DEVELOPMENT_ASSET_PATHS = "\"LinkedList/Preview Content\"";
				ENABLE_PREVIEWS = YES;
				INFOPLIST_FILE = LinkedList/Info.plist;
				IPHONEOS_DEPLOYMENT_TARGET = 14.0;
				LD_RUNPATH_SEARCH_PATHS = (
					"$(inherited)",
					"@executable_path/Frameworks",
				);
				PRODUCT_BUNDLE_IDENTIFIER = com.test.LinkedList;
				PRODUCT_NAME = "$(TARGET_NAME)";
				SWIFT_VERSION = 5.0;
				TARGETED_DEVICE_FAMILY = "1,2";
			};
			name = Release;
		};
		C1D7D17F2758E51100EA4262 /* Debug */ = {
			isa = XCBuildConfiguration;
			buildSettings = {
				ALWAYS_EMBED_SWIFT_STANDARD_LIBRARIES = YES;
				BUNDLE_LOADER = "$(TEST_HOST)";
				CODE_SIGN_STYLE = Automatic;
				INFOPLIST_FILE = LinkedListTests/Info.plist;
				IPHONEOS_DEPLOYMENT_TARGET = 14.0;
				LD_RUNPATH_SEARCH_PATHS = (
					"$(inherited)",
					"@executable_path/Frameworks",
					"@loader_path/Frameworks",
				);
				PRODUCT_BUNDLE_IDENTIFIER = com.test.LinkedListTests;
				PRODUCT_NAME = "$(TARGET_NAME)";
				SWIFT_VERSION = 5.0;
				TARGETED_DEVICE_FAMILY = "1,2";
				TEST_HOST = "$(BUILT_PRODUCTS_DIR)/LinkedList.app/LinkedList";
			};
			name = Debug;
		};
		C1D7D1802758E51100EA4262 /* Release */ = {
			isa = XCBuildConfiguration;
			buildSettings = {
				ALWAYS_EMBED_SWIFT_STANDARD_LIBRARIES = YES;
				BUNDLE_LOADER = "$(TEST_HOST)";
				CODE_SIGN_STYLE = Automatic;
				INFOPLIST_FILE = LinkedListTests/Info.plist;
				IPHONEOS_DEPLOYMENT_TARGET = 14.0;
				LD_RUNPATH_SEARCH_PATHS = (
					"$(inherited)",
					"@executable_path/Frameworks",
					"@loader_path/Frameworks",
				);
				PRODUCT_BUNDLE_IDENTIFIER = com.test.LinkedListTests;
				PRODUCT_NAME = "$(TARGET_NAME)";
				SWIFT_VERSION = 5.0;
				TARGETED_DEVICE_FAMILY = "1,2";
				TEST_HOST = "$(BUILT_PRODUCTS_DIR)/LinkedList.app/LinkedList";
			};
			name = Release;
		};
		C1D7D1822758E51100EA4262 /* Debug */ = {
			isa = XCBuildConfiguration;
			buildSettings = {
				ALWAYS_EMBED_SWIFT_STANDARD_LIBRARIES = YES;
				CODE_SIGN_STYLE = Automatic;
				INFOPLIST_FILE = LinkedListUITests/Info.plist;
				LD_RUNPATH_SEARCH_PATHS = (
					"$(inherited)",
					"@executable_path/Frameworks",
					"@loader_path/Frameworks",
				);
				PRODUCT_BUNDLE_IDENTIFIER = com.test.LinkedListUITests;
				PRODUCT_NAME = "$(TARGET_NAME)";
				SWIFT_VERSION = 5.0;
				TARGETED_DEVICE_FAMILY = "1,2";
				TEST_TARGET_NAME = LinkedList;
			};
			name = Debug;
		};
		C1D7D1832758E51100EA4262 /* Release */ = {
			isa = XCBuildConfiguration;
			buildSettings = {
				ALWAYS_EMBED_SWIFT_STANDARD_LIBRARIES = YES;
				CODE_SIGN_STYLE = Automatic;
				INFOPLIST_FILE = LinkedListUITests/Info.plist;
				LD_RUNPATH_SEARCH_PATHS = (
					"$(inherited)",
					"@executable_path/Frameworks",
					"@loader_path/Frameworks",
				);
				PRODUCT_BUNDLE_IDENTIFIER = com.test.LinkedListUITests;
				PRODUCT_NAME = "$(TARGET_NAME)";
				SWIFT_VERSION = 5.0;
				TARGETED_DEVICE_FAMILY = "1,2";
				TEST_TARGET_NAME = LinkedList;
			};
			name = Release;
		};
/* End XCBuildConfiguration section */

/* Begin XCConfigurationList section */
		C1D7D1512758E50D00EA4262 /* Build configuration list for PBXProject "LinkedList" */ = {
			isa = XCConfigurationList;
			buildConfigurations = (
				C1D7D1792758E51100EA4262 /* Debug */,
				C1D7D17A2758E51100EA4262 /* Release */,
			);
			defaultConfigurationIsVisible = 0;
			defaultConfigurationName = Release;
		};
		C1D7D17B2758E51100EA4262 /* Build configuration list for PBXNativeTarget "LinkedList" */ = {
			isa = XCConfigurationList;
			buildConfigurations = (
				C1D7D17C2758E51100EA4262 /* Debug */,
				C1D7D17D2758E51100EA4262 /* Release */,
			);
			defaultConfigurationIsVisible = 0;
			defaultConfigurationName = Release;
		};
		C1D7D17E2758E51100EA4262 /* Build configuration list for PBXNativeTarget "LinkedListTests" */ = {
			isa = XCConfigurationList;
			buildConfigurations = (
				C1D7D17F2758E51100EA4262 /* Debug */,
				C1D7D1802758E51100EA4262 /* Release */,
			);
			defaultConfigurationIsVisible = 0;
			defaultConfigurationName = Release;
		};
		C1D7D1812758E51100EA4262 /* Build configuration list for PBXNativeTarget "LinkedListUITests" */ = {
			isa = XCConfigurationList;
			buildConfigurations = (
				C1D7D1822758E51100EA4262 /* Debug */,
				C1D7D1832758E51100EA4262 /* Release */,
			);
			defaultConfigurationIsVisible = 0;
			defaultConfigurationName = Release;
		};
/* End XCConfigurationList section */
	};
	rootObject = C1D7D14E2758E50D00EA4262 /* Project object */;
}
